
Microsoft Visual Studio Solution File, Format Version 12.00
# Visual Studio Version 16
VisualStudioVersion = 16.0.30804.86
MinimumVisualStudioVersion = 10.0.40219.1
Project("{9A19103F-16F7-4668-BE54-9A1E7A4F7556}") = "StringSimilarity", "StringSimilarity.csproj", "{A681F9DB-16F5-4546-9F60-2E22C5A8D94D}"
EndProject
Global
	GlobalSection(SolutionConfigurationPlatforms) = preSolution
		Debug|Any CPU = Debug|Any CPU
		Release|Any CPU = Release|Any CPU
	EndGlobalSection
	GlobalSection(ProjectConfigurationPlatforms) = postSolution
		{A681F9DB-16F5-4546-9F60-2E22C5A8D94D}.Debug|Any CPU.ActiveCfg = Debug|Any CPU
		{A681F9DB-16F5-4546-9F60-2E22C5A8D94D}.Debug|Any CPU.Build.0 = Debug|Any CPU
		{A681F9DB-16F5-4546-9F60-2E22C5A8D94D}.Release|Any CPU.ActiveCfg = Release|Any CPU
		{A681F9DB-16F5-4546-9F60-2E22C5A8D94D}.Release|Any CPU.Build.0 = Release|Any CPU
	EndGlobalSection
	GlobalSection(SolutionProperties) = preSolution
		HideSolutionNode = FALSE
	EndGlobalSection
	GlobalSection(ExtensibilityGlobals) = postSolution
		SolutionGuid = {8ACE459F-52DF-4B27-AFCF-3CAEE489B148}
	EndGlobalSection
EndGlobal
